// !$*UTF8*$!
{
	archiveVersion = 1;
	classes = {
	};
	objectVersion = 55;
	objects = {

/* Begin PBXBuildFile section */
		9024CAE728A02323000E3472 /* WebViewController.swift in Sources */ = {isa = PBXBuildFile; fileRef = 9024CAE628A02323000E3472 /* WebViewController.swift */; };
		9030377528AB978B00538713 /* Intro.storyboard in Resources */ = {isa = PBXBuildFile; fileRef = 9030377428AB978B00538713 /* Intro.storyboard */; };
		9030377728AB983D00538713 /* IntroViewController.swift in Sources */ = {isa = PBXBuildFile; fileRef = 9030377628AB983D00538713 /* IntroViewController.swift */; };
		9030377B28AB985900538713 /* SecondViewController.swift in Sources */ = {isa = PBXBuildFile; fileRef = 9030377A28AB985900538713 /* SecondViewController.swift */; };
		9030377D28AB986300538713 /* FirstViewController.swift in Sources */ = {isa = PBXBuildFile; fileRef = 9030377C28AB986300538713 /* FirstViewController.swift */; };
		9030377F28AB987900538713 /* ThirdViewController.swift in Sources */ = {isa = PBXBuildFile; fileRef = 9030377E28AB987900538713 /* ThirdViewController.swift */; };
		905C8FFC28A4E4B500F367C7 /* MapViewController.swift in Sources */ = {isa = PBXBuildFile; fileRef = 905C8FFB28A4E4B500F367C7 /* MapViewController.swift */; };
		90A837F92899F7BA00D61D88 /* AppDelegate.swift in Sources */ = {isa = PBXBuildFile; fileRef = 90A837F82899F7BA00D61D88 /* AppDelegate.swift */; };
		90A837FB2899F7BA00D61D88 /* SceneDelegate.swift in Sources */ = {isa = PBXBuildFile; fileRef = 90A837FA2899F7BA00D61D88 /* SceneDelegate.swift */; };
		90A837FD2899F7BA00D61D88 /* ViewController.swift in Sources */ = {isa = PBXBuildFile; fileRef = 90A837FC2899F7BA00D61D88 /* ViewController.swift */; };
		90A838002899F7BA00D61D88 /* Main.storyboard in Resources */ = {isa = PBXBuildFile; fileRef = 90A837FE2899F7BA00D61D88 /* Main.storyboard */; };
		90A838022899F7BA00D61D88 /* Assets.xcassets in Resources */ = {isa = PBXBuildFile; fileRef = 90A838012899F7BA00D61D88 /* Assets.xcassets */; };
		90A838052899F7BA00D61D88 /* LaunchScreen.storyboard in Resources */ = {isa = PBXBuildFile; fileRef = 90A838032899F7BA00D61D88 /* LaunchScreen.storyboard */; };
		90A8380D2899F7D500D61D88 /* .gitignore in Resources */ = {isa = PBXBuildFile; fileRef = 90A8380C2899F7D500D61D88 /* .gitignore */; };
		90A8380F2899F82A00D61D88 /* SearchViewController.swift in Sources */ = {isa = PBXBuildFile; fileRef = 90A8380E2899F82A00D61D88 /* SearchViewController.swift */; };
		90A838112899F8A200D61D88 /* APIKey.swift in Sources */ = {isa = PBXBuildFile; fileRef = 90A838102899F8A200D61D88 /* APIKey.swift */; };
		90A8382B289AA5C300D61D88 /* Alamofire in Frameworks */ = {isa = PBXBuildFile; productRef = 90A8382A289AA5C300D61D88 /* Alamofire */; };
		90A8382E289AA60700D61D88 /* SwiftyJSON in Frameworks */ = {isa = PBXBuildFile; productRef = 90A8382D289AA60700D61D88 /* SwiftyJSON */; };
		90A83830289AD98000D61D88 /* Protocol.swift in Sources */ = {isa = PBXBuildFile; fileRef = 90A8382F289AD98000D61D88 /* Protocol.swift */; };
		90A83837289AEB6700D61D88 /* CollectionViewCell.swift in Sources */ = {isa = PBXBuildFile; fileRef = 90A83835289AEB6700D61D88 /* CollectionViewCell.swift */; };
		90A83838289AEB6700D61D88 /* CollectionViewCell.xib in Resources */ = {isa = PBXBuildFile; fileRef = 90A83836289AEB6700D61D88 /* CollectionViewCell.xib */; };
		90A8383E289AF48000D61D88 /* Kingfisher in Frameworks */ = {isa = PBXBuildFile; productRef = 90A8383D289AF48000D61D88 /* Kingfisher */; };
		90C21F12289C287800F1AF0F /* Type.swift in Sources */ = {isa = PBXBuildFile; fileRef = 90C21F11289C287800F1AF0F /* Type.swift */; };
		90C21F14289C58AB00F1AF0F /* DetailTableViewCell.swift in Sources */ = {isa = PBXBuildFile; fileRef = 90C21F13289C58AB00F1AF0F /* DetailTableViewCell.swift */; };
		90C21F16289C596500F1AF0F /* DetailTableViewController.swift in Sources */ = {isa = PBXBuildFile; fileRef = 90C21F15289C596500F1AF0F /* DetailTableViewController.swift */; };
		90C21F1D289E3F3600F1AF0F /* OverVeiwTableViewCell.swift in Sources */ = {isa = PBXBuildFile; fileRef = 90C21F1C289E3F3600F1AF0F /* OverVeiwTableViewCell.swift */; };
		90CD1BC5289C01B100D73A17 /* Extension.swift in Sources */ = {isa = PBXBuildFile; fileRef = 90CD1BC4289C01B100D73A17 /* Extension.swift */; };
		90DA0FA928A31C8300616F9D /* APIManager2.swift in Sources */ = {isa = PBXBuildFile; fileRef = 90DA0FA828A31C8300616F9D /* APIManager2.swift */; };
		90DA0FB228A3886E00616F9D /* CardCollectionViewCell.xib in Resources */ = {isa = PBXBuildFile; fileRef = 90DA0FB028A3886E00616F9D /* CardCollectionViewCell.xib */; };
		90DA0FB328A3886E00616F9D /* CardCollectionViewCell.swift in Sources */ = {isa = PBXBuildFile; fileRef = 90DA0FB128A3886E00616F9D /* CardCollectionViewCell.swift */; };
		90DA0FB728A388AC00616F9D /* IBInspectable.swift in Sources */ = {isa = PBXBuildFile; fileRef = 90DA0FB628A388AC00616F9D /* IBInspectable.swift */; };
		90DA0FBA28A388C300616F9D /* MainViewController.swift in Sources */ = {isa = PBXBuildFile; fileRef = 90DA0FB828A388C300616F9D /* MainViewController.swift */; };
		90DA0FBB28A388C300616F9D /* MainTableViewCell.swift in Sources */ = {isa = PBXBuildFile; fileRef = 90DA0FB928A388C300616F9D /* MainTableViewCell.swift */; };
		90DA0FBF28A388CE00616F9D /* CardView.swift in Sources */ = {isa = PBXBuildFile; fileRef = 90DA0FBD28A388CE00616F9D /* CardView.swift */; };
		90DA0FC028A388CE00616F9D /* CardView.xib in Resources */ = {isa = PBXBuildFile; fileRef = 90DA0FBE28A388CE00616F9D /* CardView.xib */; };
		90DA0FC328A3921B00616F9D /* RecommandTableViewCell.swift in Sources */ = {isa = PBXBuildFile; fileRef = 90DA0FC228A3921B00616F9D /* RecommandTableViewCell.swift */; };
/* End PBXBuildFile section */

/* Begin PBXFileReference section */
		9024CAE628A02323000E3472 /* WebViewController.swift */ = {isa = PBXFileReference; lastKnownFileType = sourcecode.swift; path = WebViewController.swift; sourceTree = "<group>"; };
		9030377428AB978B00538713 /* Intro.storyboard */ = {isa = PBXFileReference; lastKnownFileType = file.storyboard; path = Intro.storyboard; sourceTree = "<group>"; };
		9030377628AB983D00538713 /* IntroViewController.swift */ = {isa = PBXFileReference; lastKnownFileType = sourcecode.swift; path = IntroViewController.swift; sourceTree = "<group>"; };
		9030377A28AB985900538713 /* SecondViewController.swift */ = {isa = PBXFileReference; lastKnownFileType = sourcecode.swift; path = SecondViewController.swift; sourceTree = "<group>"; };
		9030377C28AB986300538713 /* FirstViewController.swift */ = {isa = PBXFileReference; lastKnownFileType = sourcecode.swift; path = FirstViewController.swift; sourceTree = "<group>"; };
		9030377E28AB987900538713 /* ThirdViewController.swift */ = {isa = PBXFileReference; lastKnownFileType = sourcecode.swift; path = ThirdViewController.swift; sourceTree = "<group>"; };
		905C8FFB28A4E4B500F367C7 /* MapViewController.swift */ = {isa = PBXFileReference; lastKnownFileType = sourcecode.swift; path = MapViewController.swift; sourceTree = "<group>"; };
		90A837F52899F7BA00D61D88 /* SeSACTMDBRroject.app */ = {isa = PBXFileReference; explicitFileType = wrapper.application; includeInIndex = 0; path = SeSACTMDBRroject.app; sourceTree = BUILT_PRODUCTS_DIR; };
		90A837F82899F7BA00D61D88 /* AppDelegate.swift */ = {isa = PBXFileReference; lastKnownFileType = sourcecode.swift; path = AppDelegate.swift; sourceTree = "<group>"; };
		90A837FA2899F7BA00D61D88 /* SceneDelegate.swift */ = {isa = PBXFileReference; lastKnownFileType = sourcecode.swift; path = SceneDelegate.swift; sourceTree = "<group>"; };
		90A837FC2899F7BA00D61D88 /* ViewController.swift */ = {isa = PBXFileReference; lastKnownFileType = sourcecode.swift; path = ViewController.swift; sourceTree = "<group>"; };
		90A837FF2899F7BA00D61D88 /* Base */ = {isa = PBXFileReference; lastKnownFileType = file.storyboard; name = Base; path = Base.lproj/Main.storyboard; sourceTree = "<group>"; };
		90A838012899F7BA00D61D88 /* Assets.xcassets */ = {isa = PBXFileReference; lastKnownFileType = folder.assetcatalog; path = Assets.xcassets; sourceTree = "<group>"; };
		90A838042899F7BA00D61D88 /* Base */ = {isa = PBXFileReference; lastKnownFileType = file.storyboard; name = Base; path = Base.lproj/LaunchScreen.storyboard; sourceTree = "<group>"; };
		90A838062899F7BA00D61D88 /* Info.plist */ = {isa = PBXFileReference; lastKnownFileType = text.plist.xml; path = Info.plist; sourceTree = "<group>"; };
		90A8380C2899F7D500D61D88 /* .gitignore */ = {isa = PBXFileReference; lastKnownFileType = text; path = .gitignore; sourceTree = "<group>"; };
		90A8380E2899F82A00D61D88 /* SearchViewController.swift */ = {isa = PBXFileReference; lastKnownFileType = sourcecode.swift; name = SearchViewController.swift; path = SeSACTMDBRroject/Search/SearchViewController.swift; sourceTree = SOURCE_ROOT; };
		90A838102899F8A200D61D88 /* APIKey.swift */ = {isa = PBXFileReference; lastKnownFileType = sourcecode.swift; path = APIKey.swift; sourceTree = "<group>"; };
		90A8382F289AD98000D61D88 /* Protocol.swift */ = {isa = PBXFileReference; lastKnownFileType = sourcecode.swift; path = Protocol.swift; sourceTree = "<group>"; };
		90A83835289AEB6700D61D88 /* CollectionViewCell.swift */ = {isa = PBXFileReference; lastKnownFileType = sourcecode.swift; path = CollectionViewCell.swift; sourceTree = "<group>"; };
		90A83836289AEB6700D61D88 /* CollectionViewCell.xib */ = {isa = PBXFileReference; lastKnownFileType = file.xib; path = CollectionViewCell.xib; sourceTree = "<group>"; };
		90C21F11289C287800F1AF0F /* Type.swift */ = {isa = PBXFileReference; lastKnownFileType = sourcecode.swift; path = Type.swift; sourceTree = "<group>"; };
		90C21F13289C58AB00F1AF0F /* DetailTableViewCell.swift */ = {isa = PBXFileReference; lastKnownFileType = sourcecode.swift; path = DetailTableViewCell.swift; sourceTree = "<group>"; };
		90C21F15289C596500F1AF0F /* DetailTableViewController.swift */ = {isa = PBXFileReference; lastKnownFileType = sourcecode.swift; path = DetailTableViewController.swift; sourceTree = "<group>"; };
		90C21F1C289E3F3600F1AF0F /* OverVeiwTableViewCell.swift */ = {isa = PBXFileReference; lastKnownFileType = sourcecode.swift; name = OverVeiwTableViewCell.swift; path = SeSACTMDBRroject/Detail/OverVeiwTableViewCell.swift; sourceTree = SOURCE_ROOT; };
		90CD1BC4289C01B100D73A17 /* Extension.swift */ = {isa = PBXFileReference; lastKnownFileType = sourcecode.swift; path = Extension.swift; sourceTree = "<group>"; };
		90DA0FA828A31C8300616F9D /* APIManager2.swift */ = {isa = PBXFileReference; lastKnownFileType = sourcecode.swift; path = APIManager2.swift; sourceTree = "<group>"; };
		90DA0FB028A3886E00616F9D /* CardCollectionViewCell.xib */ = {isa = PBXFileReference; fileEncoding = 4; lastKnownFileType = file.xib; path = CardCollectionViewCell.xib; sourceTree = "<group>"; };
		90DA0FB128A3886E00616F9D /* CardCollectionViewCell.swift */ = {isa = PBXFileReference; fileEncoding = 4; lastKnownFileType = sourcecode.swift; path = CardCollectionViewCell.swift; sourceTree = "<group>"; };
		90DA0FB628A388AC00616F9D /* IBInspectable.swift */ = {isa = PBXFileReference; fileEncoding = 4; lastKnownFileType = sourcecode.swift; path = IBInspectable.swift; sourceTree = "<group>"; };
		90DA0FB828A388C300616F9D /* MainViewController.swift */ = {isa = PBXFileReference; fileEncoding = 4; lastKnownFileType = sourcecode.swift; path = MainViewController.swift; sourceTree = "<group>"; };
		90DA0FB928A388C300616F9D /* MainTableViewCell.swift */ = {isa = PBXFileReference; fileEncoding = 4; lastKnownFileType = sourcecode.swift; path = MainTableViewCell.swift; sourceTree = "<group>"; };
		90DA0FBD28A388CE00616F9D /* CardView.swift */ = {isa = PBXFileReference; fileEncoding = 4; lastKnownFileType = sourcecode.swift; path = CardView.swift; sourceTree = "<group>"; };
		90DA0FBE28A388CE00616F9D /* CardView.xib */ = {isa = PBXFileReference; fileEncoding = 4; lastKnownFileType = file.xib; path = CardView.xib; sourceTree = "<group>"; };
		90DA0FC228A3921B00616F9D /* RecommandTableViewCell.swift */ = {isa = PBXFileReference; lastKnownFileType = sourcecode.swift; path = RecommandTableViewCell.swift; sourceTree = "<group>"; };
/* End PBXFileReference section */

/* Begin PBXFrameworksBuildPhase section */
		90A837F22899F7BA00D61D88 /* Frameworks */ = {
			isa = PBXFrameworksBuildPhase;
			buildActionMask = 2147483647;
			files = (
				90A8383E289AF48000D61D88 /* Kingfisher in Frameworks */,
				90A8382E289AA60700D61D88 /* SwiftyJSON in Frameworks */,
				90A8382B289AA5C300D61D88 /* Alamofire in Frameworks */,
			);
			runOnlyForDeploymentPostprocessing = 0;
		};
/* End PBXFrameworksBuildPhase section */

/* Begin PBXGroup section */
		9024CAE328A02257000E3472 /* Detail */ = {
			isa = PBXGroup;
			children = (
				90C21F15289C596500F1AF0F /* DetailTableViewController.swift */,
				90C21F13289C58AB00F1AF0F /* DetailTableViewCell.swift */,
				90DA0FC228A3921B00616F9D /* RecommandTableViewCell.swift */,
				90C21F1C289E3F3600F1AF0F /* OverVeiwTableViewCell.swift */,
			);
			path = Detail;
			sourceTree = "<group>";
		};
		9024CAE428A02271000E3472 /* Web */ = {
			isa = PBXGroup;
			children = (
				9024CAE628A02323000E3472 /* WebViewController.swift */,
			);
			path = Web;
			sourceTree = "<group>";
		};
		9024CAE528A022D0000E3472 /* Search */ = {
			isa = PBXGroup;
			children = (
				90A8380E2899F82A00D61D88 /* SearchViewController.swift */,
				90A837FC2899F7BA00D61D88 /* ViewController.swift */,
			);
			path = Search;
			sourceTree = "<group>";
		};
		9030377328AB977200538713 /* Into */ = {
			isa = PBXGroup;
			children = (
				9030377428AB978B00538713 /* Intro.storyboard */,
				9030377628AB983D00538713 /* IntroViewController.swift */,
				9030377C28AB986300538713 /* FirstViewController.swift */,
				9030377A28AB985900538713 /* SecondViewController.swift */,
				9030377E28AB987900538713 /* ThirdViewController.swift */,
			);
			path = Into;
			sourceTree = "<group>";
		};
		908A099C28A19FB60087BA2F /* Network */ = {
			isa = PBXGroup;
			children = (
				90DA0FA828A31C8300616F9D /* APIManager2.swift */,
			);
			path = Network;
			sourceTree = "<group>";
		};
		90A837EC2899F7B900D61D88 = {
			isa = PBXGroup;
			children = (
				90A8380C2899F7D500D61D88 /* .gitignore */,
				90A837F72899F7BA00D61D88 /* SeSACTMDBRroject */,
				90A837F62899F7BA00D61D88 /* Products */,
			);
			sourceTree = "<group>";
		};
		90A837F62899F7BA00D61D88 /* Products */ = {
			isa = PBXGroup;
			children = (
				90A837F52899F7BA00D61D88 /* SeSACTMDBRroject.app */,
			);
			name = Products;
			sourceTree = "<group>";
		};
		90A837F72899F7BA00D61D88 /* SeSACTMDBRroject */ = {
			isa = PBXGroup;
			children = (
				90A837FA2899F7BA00D61D88 /* SceneDelegate.swift */,
				90A837F82899F7BA00D61D88 /* AppDelegate.swift */,
				90DA0FB628A388AC00616F9D /* IBInspectable.swift */,
				9030377328AB977200538713 /* Into */,
				90A838142899FA1500D61D88 /* Resource */,
				90CD1BC3289C018200D73A17 /* Constant */,
				90A838152899FA8800D61D88 /* Key */,
				90DA0FBC28A388CE00616F9D /* View */,
				9024CAE528A022D0000E3472 /* Search */,
				9024CAE328A02257000E3472 /* Detail */,
				90DA0FC128A38D4C00616F9D /* Main */,
				9024CAE428A02271000E3472 /* Web */,
				90DA0FAF28A3886E00616F9D /* CollectionCell */,
				90A8383A289AEF2F00D61D88 /* Map */,
				90A8383B289AEF7F00D61D88 /* Storyboard */,
				90A83839289AEF2200D61D88 /* XIB */,
				90A838012899F7BA00D61D88 /* Assets.xcassets */,
				90A838032899F7BA00D61D88 /* LaunchScreen.storyboard */,
				90A838062899F7BA00D61D88 /* Info.plist */,
			);
			path = SeSACTMDBRroject;
			sourceTree = "<group>";
		};
		90A838142899FA1500D61D88 /* Resource */ = {
			isa = PBXGroup;
			children = (
			);
			path = Resource;
			sourceTree = "<group>";
		};
		90A838152899FA8800D61D88 /* Key */ = {
			isa = PBXGroup;
			children = (
				90A838102899F8A200D61D88 /* APIKey.swift */,
			);
			path = Key;
			sourceTree = "<group>";
		};
		90A83839289AEF2200D61D88 /* XIB */ = {
			isa = PBXGroup;
			children = (
				90A83836289AEB6700D61D88 /* CollectionViewCell.xib */,
				90A83835289AEB6700D61D88 /* CollectionViewCell.swift */,
			);
			path = XIB;
			sourceTree = "<group>";
		};
		90A8383A289AEF2F00D61D88 /* Map */ = {
			isa = PBXGroup;
			children = (
				905C8FFB28A4E4B500F367C7 /* MapViewController.swift */,
			);
			path = Map;
			sourceTree = "<group>";
		};
		90A8383B289AEF7F00D61D88 /* Storyboard */ = {
			isa = PBXGroup;
			children = (
				90A837FE2899F7BA00D61D88 /* Main.storyboard */,
			);
			path = Storyboard;
			sourceTree = "<group>";
		};
		90CD1BC3289C018200D73A17 /* Constant */ = {
			isa = PBXGroup;
			children = (
				90CD1BC4289C01B100D73A17 /* Extension.swift */,
				90C21F11289C287800F1AF0F /* Type.swift */,
				90A8382F289AD98000D61D88 /* Protocol.swift */,
				908A099C28A19FB60087BA2F /* Network */,
			);
			path = Constant;
			sourceTree = "<group>";
		};
		90DA0FAF28A3886E00616F9D /* CollectionCell */ = {
			isa = PBXGroup;
			children = (
				90DA0FB028A3886E00616F9D /* CardCollectionViewCell.xib */,
				90DA0FB128A3886E00616F9D /* CardCollectionViewCell.swift */,
			);
			path = CollectionCell;
			sourceTree = "<group>";
		};
		90DA0FBC28A388CE00616F9D /* View */ = {
			isa = PBXGroup;
			children = (
				90DA0FBD28A388CE00616F9D /* CardView.swift */,
				90DA0FBE28A388CE00616F9D /* CardView.xib */,
			);
			path = View;
			sourceTree = "<group>";
		};
		90DA0FC128A38D4C00616F9D /* Main */ = {
			isa = PBXGroup;
			children = (
				90DA0FB828A388C300616F9D /* MainViewController.swift */,
				90DA0FB928A388C300616F9D /* MainTableViewCell.swift */,
			);
			path = Main;
			sourceTree = "<group>";
		};
/* End PBXGroup section */

/* Begin PBXNativeTarget section */
		90A837F42899F7BA00D61D88 /* SeSACTMDBRroject */ = {
			isa = PBXNativeTarget;
			buildConfigurationList = 90A838092899F7BA00D61D88 /* Build configuration list for PBXNativeTarget "SeSACTMDBRroject" */;
			buildPhases = (
				90A837F12899F7BA00D61D88 /* Sources */,
				90A837F22899F7BA00D61D88 /* Frameworks */,
				90A837F32899F7BA00D61D88 /* Resources */,
			);
			buildRules = (
			);
			dependencies = (
			);
			name = SeSACTMDBRroject;
			packageProductDependencies = (
				90A8382A289AA5C300D61D88 /* Alamofire */,
				90A8382D289AA60700D61D88 /* SwiftyJSON */,
				90A8383D289AF48000D61D88 /* Kingfisher */,
			);
			productName = SeSACTMDBRroject;
			productReference = 90A837F52899F7BA00D61D88 /* SeSACTMDBRroject.app */;
			productType = "com.apple.product-type.application";
		};
/* End PBXNativeTarget section */

/* Begin PBXProject section */
		90A837ED2899F7B900D61D88 /* Project object */ = {
			isa = PBXProject;
			attributes = {
				BuildIndependentTargetsInParallel = 1;
				LastSwiftUpdateCheck = 1340;
				LastUpgradeCheck = 1340;
				TargetAttributes = {
					90A837F42899F7BA00D61D88 = {
						CreatedOnToolsVersion = 13.4.1;
					};
				};
			};
			buildConfigurationList = 90A837F02899F7B900D61D88 /* Build configuration list for PBXProject "SeSACTMDBRroject" */;
			compatibilityVersion = "Xcode 13.0";
			developmentRegion = en;
			hasScannedForEncodings = 0;
			knownRegions = (
				en,
				Base,
			);
			mainGroup = 90A837EC2899F7B900D61D88;
			packageReferences = (
				90A83829289AA5C300D61D88 /* XCRemoteSwiftPackageReference "Alamofire" */,
				90A8382C289AA60700D61D88 /* XCRemoteSwiftPackageReference "SwiftyJSON" */,
				90A8383C289AF48000D61D88 /* XCRemoteSwiftPackageReference "Kingfisher" */,
			);
			productRefGroup = 90A837F62899F7BA00D61D88 /* Products */;
			projectDirPath = "";
			projectRoot = "";
			targets = (
				90A837F42899F7BA00D61D88 /* SeSACTMDBRroject */,
			);
		};
/* End PBXProject section */

/* Begin PBXResourcesBuildPhase section */
		90A837F32899F7BA00D61D88 /* Resources */ = {
			isa = PBXResourcesBuildPhase;
			buildActionMask = 2147483647;
			files = (
				9030377528AB978B00538713 /* Intro.storyboard in Resources */,
				90A8380D2899F7D500D61D88 /* .gitignore in Resources */,
				90A838052899F7BA00D61D88 /* LaunchScreen.storyboard in Resources */,
				90A83838289AEB6700D61D88 /* CollectionViewCell.xib in Resources */,
				90DA0FC028A388CE00616F9D /* CardView.xib in Resources */,
				90A838022899F7BA00D61D88 /* Assets.xcassets in Resources */,
				90DA0FB228A3886E00616F9D /* CardCollectionViewCell.xib in Resources */,
				90A838002899F7BA00D61D88 /* Main.storyboard in Resources */,
			);
			runOnlyForDeploymentPostprocessing = 0;
		};
/* End PBXResourcesBuildPhase section */

/* Begin PBXSourcesBuildPhase section */
		90A837F12899F7BA00D61D88 /* Sources */ = {
			isa = PBXSourcesBuildPhase;
			buildActionMask = 2147483647;
			files = (
				9030377B28AB985900538713 /* SecondViewController.swift in Sources */,
				90A83837289AEB6700D61D88 /* CollectionViewCell.swift in Sources */,
				90A837FD2899F7BA00D61D88 /* ViewController.swift in Sources */,
				9030377D28AB986300538713 /* FirstViewController.swift in Sources */,
				90A837F92899F7BA00D61D88 /* AppDelegate.swift in Sources */,
				90A8380F2899F82A00D61D88 /* SearchViewController.swift in Sources */,
				90A83830289AD98000D61D88 /* Protocol.swift in Sources */,
				90C21F12289C287800F1AF0F /* Type.swift in Sources */,
				90DA0FC328A3921B00616F9D /* RecommandTableViewCell.swift in Sources */,
				90C21F14289C58AB00F1AF0F /* DetailTableViewCell.swift in Sources */,
				90CD1BC5289C01B100D73A17 /* Extension.swift in Sources */,
				905C8FFC28A4E4B500F367C7 /* MapViewController.swift in Sources */,
				90DA0FB728A388AC00616F9D /* IBInspectable.swift in Sources */,
				90DA0FB328A3886E00616F9D /* CardCollectionViewCell.swift in Sources */,
				90DA0FBB28A388C300616F9D /* MainTableViewCell.swift in Sources */,
				90A837FB2899F7BA00D61D88 /* SceneDelegate.swift in Sources */,
				90C21F16289C596500F1AF0F /* DetailTableViewController.swift in Sources */,
				90A838112899F8A200D61D88 /* APIKey.swift in Sources */,
				90C21F1D289E3F3600F1AF0F /* OverVeiwTableViewCell.swift in Sources */,
				9024CAE728A02323000E3472 /* WebViewController.swift in Sources */,
				90DA0FA928A31C8300616F9D /* APIManager2.swift in Sources */,
				9030377728AB983D00538713 /* IntroViewController.swift in Sources */,
				9030377F28AB987900538713 /* ThirdViewController.swift in Sources */,
				90DA0FBF28A388CE00616F9D /* CardView.swift in Sources */,
				90DA0FBA28A388C300616F9D /* MainViewController.swift in Sources */,
			);
			runOnlyForDeploymentPostprocessing = 0;
		};
/* End PBXSourcesBuildPhase section */

/* Begin PBXVariantGroup section */
		90A837FE2899F7BA00D61D88 /* Main.storyboard */ = {
			isa = PBXVariantGroup;
			children = (
				90A837FF2899F7BA00D61D88 /* Base */,
			);
			name = Main.storyboard;
			sourceTree = "<group>";
		};
		90A838032899F7BA00D61D88 /* LaunchScreen.storyboard */ = {
			isa = PBXVariantGroup;
			children = (
				90A838042899F7BA00D61D88 /* Base */,
			);
			name = LaunchScreen.storyboard;
			sourceTree = "<group>";
		};
/* End PBXVariantGroup section */

/* Begin XCBuildConfiguration section */
		90A838072899F7BA00D61D88 /* Debug */ = {
			isa = XCBuildConfiguration;
			buildSettings = {
				ALWAYS_SEARCH_USER_PATHS = NO;
				CLANG_ANALYZER_NONNULL = YES;
				CLANG_ANALYZER_NUMBER_OBJECT_CONVERSION = YES_AGGRESSIVE;
				CLANG_CXX_LANGUAGE_STANDARD = "gnu++17";
				CLANG_ENABLE_MODULES = YES;
				CLANG_ENABLE_OBJC_ARC = YES;
				CLANG_ENABLE_OBJC_WEAK = YES;
				CLANG_WARN_BLOCK_CAPTURE_AUTORELEASING = YES;
				CLANG_WARN_BOOL_CONVERSION = YES;
				CLANG_WARN_COMMA = YES;
				CLANG_WARN_CONSTANT_CONVERSION = YES;
				CLANG_WARN_DEPRECATED_OBJC_IMPLEMENTATIONS = YES;
				CLANG_WARN_DIRECT_OBJC_ISA_USAGE = YES_ERROR;
				CLANG_WARN_DOCUMENTATION_COMMENTS = YES;
				CLANG_WARN_EMPTY_BODY = YES;
				CLANG_WARN_ENUM_CONVERSION = YES;
				CLANG_WARN_INFINITE_RECURSION = YES;
				CLANG_WARN_INT_CONVERSION = YES;
				CLANG_WARN_NON_LITERAL_NULL_CONVERSION = YES;
				CLANG_WARN_OBJC_IMPLICIT_RETAIN_SELF = YES;
				CLANG_WARN_OBJC_LITERAL_CONVERSION = YES;
				CLANG_WARN_OBJC_ROOT_CLASS = YES_ERROR;
				CLANG_WARN_QUOTED_INCLUDE_IN_FRAMEWORK_HEADER = YES;
				CLANG_WARN_RANGE_LOOP_ANALYSIS = YES;
				CLANG_WARN_STRICT_PROTOTYPES = YES;
				CLANG_WARN_SUSPICIOUS_MOVE = YES;
				CLANG_WARN_UNGUARDED_AVAILABILITY = YES_AGGRESSIVE;
				CLANG_WARN_UNREACHABLE_CODE = YES;
				CLANG_WARN__DUPLICATE_METHOD_MATCH = YES;
				COPY_PHASE_STRIP = NO;
				DEBUG_INFORMATION_FORMAT = dwarf;
				ENABLE_STRICT_OBJC_MSGSEND = YES;
				ENABLE_TESTABILITY = YES;
				GCC_C_LANGUAGE_STANDARD = gnu11;
				GCC_DYNAMIC_NO_PIC = NO;
				GCC_NO_COMMON_BLOCKS = YES;
				GCC_OPTIMIZATION_LEVEL = 0;
				GCC_PREPROCESSOR_DEFINITIONS = (
					"DEBUG=1",
					"$(inherited)",
				);
				GCC_WARN_64_TO_32_BIT_CONVERSION = YES;
				GCC_WARN_ABOUT_RETURN_TYPE = YES_ERROR;
				GCC_WARN_UNDECLARED_SELECTOR = YES;
				GCC_WARN_UNINITIALIZED_AUTOS = YES_AGGRESSIVE;
				GCC_WARN_UNUSED_FUNCTION = YES;
				GCC_WARN_UNUSED_VARIABLE = YES;
				IPHONEOS_DEPLOYMENT_TARGET = 15.5;
				MTL_ENABLE_DEBUG_INFO = INCLUDE_SOURCE;
				MTL_FAST_MATH = YES;
				ONLY_ACTIVE_ARCH = YES;
				SDKROOT = iphoneos;
				SWIFT_ACTIVE_COMPILATION_CONDITIONS = DEBUG;
				SWIFT_OPTIMIZATION_LEVEL = "-Onone";
			};
			name = Debug;
		};
		90A838082899F7BA00D61D88 /* Release */ = {
			isa = XCBuildConfiguration;
			buildSettings = {
				ALWAYS_SEARCH_USER_PATHS = NO;
				CLANG_ANALYZER_NONNULL = YES;
				CLANG_ANALYZER_NUMBER_OBJECT_CONVERSION = YES_AGGRESSIVE;
				CLANG_CXX_LANGUAGE_STANDARD = "gnu++17";
				CLANG_ENABLE_MODULES = YES;
				CLANG_ENABLE_OBJC_ARC = YES;
				CLANG_ENABLE_OBJC_WEAK = YES;
				CLANG_WARN_BLOCK_CAPTURE_AUTORELEASING = YES;
				CLANG_WARN_BOOL_CONVERSION = YES;
				CLANG_WARN_COMMA = YES;
				CLANG_WARN_CONSTANT_CONVERSION = YES;
				CLANG_WARN_DEPRECATED_OBJC_IMPLEMENTATIONS = YES;
				CLANG_WARN_DIRECT_OBJC_ISA_USAGE = YES_ERROR;
				CLANG_WARN_DOCUMENTATION_COMMENTS = YES;
				CLANG_WARN_EMPTY_BODY = YES;
				CLANG_WARN_ENUM_CONVERSION = YES;
				CLANG_WARN_INFINITE_RECURSION = YES;
				CLANG_WARN_INT_CONVERSION = YES;
				CLANG_WARN_NON_LITERAL_NULL_CONVERSION = YES;
				CLANG_WARN_OBJC_IMPLICIT_RETAIN_SELF = YES;
				CLANG_WARN_OBJC_LITERAL_CONVERSION = YES;
				CLANG_WARN_OBJC_ROOT_CLASS = YES_ERROR;
				CLANG_WARN_QUOTED_INCLUDE_IN_FRAMEWORK_HEADER = YES;
				CLANG_WARN_RANGE_LOOP_ANALYSIS = YES;
				CLANG_WARN_STRICT_PROTOTYPES = YES;
				CLANG_WARN_SUSPICIOUS_MOVE = YES;
				CLANG_WARN_UNGUARDED_AVAILABILITY = YES_AGGRESSIVE;
				CLANG_WARN_UNREACHABLE_CODE = YES;
				CLANG_WARN__DUPLICATE_METHOD_MATCH = YES;
				COPY_PHASE_STRIP = NO;
				DEBUG_INFORMATION_FORMAT = "dwarf-with-dsym";
				ENABLE_NS_ASSERTIONS = NO;
				ENABLE_STRICT_OBJC_MSGSEND = YES;
				GCC_C_LANGUAGE_STANDARD = gnu11;
				GCC_NO_COMMON_BLOCKS = YES;
				GCC_WARN_64_TO_32_BIT_CONVERSION = YES;
				GCC_WARN_ABOUT_RETURN_TYPE = YES_ERROR;
				GCC_WARN_UNDECLARED_SELECTOR = YES;
				GCC_WARN_UNINITIALIZED_AUTOS = YES_AGGRESSIVE;
				GCC_WARN_UNUSED_FUNCTION = YES;
				GCC_WARN_UNUSED_VARIABLE = YES;
				IPHONEOS_DEPLOYMENT_TARGET = 15.5;
				MTL_ENABLE_DEBUG_INFO = NO;
				MTL_FAST_MATH = YES;
				SDKROOT = iphoneos;
				SWIFT_COMPILATION_MODE = wholemodule;
				SWIFT_OPTIMIZATION_LEVEL = "-O";
				VALIDATE_PRODUCT = YES;
			};
			name = Release;
		};
		90A8380A2899F7BA00D61D88 /* Debug */ = {
			isa = XCBuildConfiguration;
			buildSettings = {
				ASSETCATALOG_COMPILER_APPICON_NAME = AppIcon;
				ASSETCATALOG_COMPILER_GLOBAL_ACCENT_COLOR_NAME = AccentColor;
				CODE_SIGN_STYLE = Automatic;
				CURRENT_PROJECT_VERSION = 1;
				DEVELOPMENT_TEAM = 6H94XW3M7L;
				GENERATE_INFOPLIST_FILE = YES;
				INFOPLIST_FILE = SeSACTMDBRroject/Info.plist;
				INFOPLIST_KEY_UIApplicationSupportsIndirectInputEvents = YES;
				INFOPLIST_KEY_UILaunchStoryboardName = LaunchScreen;
				INFOPLIST_KEY_UIMainStoryboardFile = Main;
				INFOPLIST_KEY_UISupportedInterfaceOrientations_iPad = "UIInterfaceOrientationPortrait UIInterfaceOrientationPortraitUpsideDown UIInterfaceOrientationLandscapeLeft UIInterfaceOrientationLandscapeRight";
				INFOPLIST_KEY_UISupportedInterfaceOrientations_iPhone = "UIInterfaceOrientationPortrait UIInterfaceOrientationLandscapeLeft UIInterfaceOrientationLandscapeRight";
				LD_RUNPATH_SEARCH_PATHS = (
					"$(inherited)",
					"@executable_path/Frameworks",
				);
				MARKETING_VERSION = 1.0;
				PRODUCT_BUNDLE_IDENTIFIER = com.bangsunu.SeSACTMDBRroject;
				PRODUCT_NAME = "$(TARGET_NAME)";
				SWIFT_EMIT_LOC_STRINGS = YES;
				SWIFT_VERSION = 5.0;
				TARGETED_DEVICE_FAMILY = "1,2";
			};
			name = Debug;
		};
		90A8380B2899F7BA00D61D88 /* Release */ = {
			isa = XCBuildConfiguration;
			buildSettings = {
				ASSETCATALOG_COMPILER_APPICON_NAME = AppIcon;
				ASSETCATALOG_COMPILER_GLOBAL_ACCENT_COLOR_NAME = AccentColor;
				CODE_SIGN_STYLE = Automatic;
				CURRENT_PROJECT_VERSION = 1;
				DEVELOPMENT_TEAM = 6H94XW3M7L;
				GENERATE_INFOPLIST_FILE = YES;
				INFOPLIST_FILE = SeSACTMDBRroject/Info.plist;
				INFOPLIST_KEY_UIApplicationSupportsIndirectInputEvents = YES;
				INFOPLIST_KEY_UILaunchStoryboardName = LaunchScreen;
				INFOPLIST_KEY_UIMainStoryboardFile = Main;
				INFOPLIST_KEY_UISupportedInterfaceOrientations_iPad = "UIInterfaceOrientationPortrait UIInterfaceOrientationPortraitUpsideDown UIInterfaceOrientationLandscapeLeft UIInterfaceOrientationLandscapeRight";
				INFOPLIST_KEY_UISupportedInterfaceOrientations_iPhone = "UIInterfaceOrientationPortrait UIInterfaceOrientationLandscapeLeft UIInterfaceOrientationLandscapeRight";
				LD_RUNPATH_SEARCH_PATHS = (
					"$(inherited)",
					"@executable_path/Frameworks",
				);
				MARKETING_VERSION = 1.0;
				PRODUCT_BUNDLE_IDENTIFIER = com.bangsunu.SeSACTMDBRroject;
				PRODUCT_NAME = "$(TARGET_NAME)";
				SWIFT_EMIT_LOC_STRINGS = YES;
				SWIFT_VERSION = 5.0;
				TARGETED_DEVICE_FAMILY = "1,2";
			};
			name = Release;
		};
/* End XCBuildConfiguration section */

/* Begin XCConfigurationList section */
		90A837F02899F7B900D61D88 /* Build configuration list for PBXProject "SeSACTMDBRroject" */ = {
			isa = XCConfigurationList;
			buildConfigurations = (
				90A838072899F7BA00D61D88 /* Debug */,
				90A838082899F7BA00D61D88 /* Release */,
			);
			defaultConfigurationIsVisible = 0;
			defaultConfigurationName = Release;
		};
		90A838092899F7BA00D61D88 /* Build configuration list for PBXNativeTarget "SeSACTMDBRroject" */ = {
			isa = XCConfigurationList;
			buildConfigurations = (
				90A8380A2899F7BA00D61D88 /* Debug */,
				90A8380B2899F7BA00D61D88 /* Release */,
			);
			defaultConfigurationIsVisible = 0;
			defaultConfigurationName = Release;
		};
/* End XCConfigurationList section */

/* Begin XCRemoteSwiftPackageReference section */
		90A83829289AA5C300D61D88 /* XCRemoteSwiftPackageReference "Alamofire" */ = {
			isa = XCRemoteSwiftPackageReference;
			repositoryURL = "https://github.com/Alamofire/Alamofire.git";
			requirement = {
				kind = upToNextMajorVersion;
				minimumVersion = 5.0.0;
			};
		};
		90A8382C289AA60700D61D88 /* XCRemoteSwiftPackageReference "SwiftyJSON" */ = {
			isa = XCRemoteSwiftPackageReference;
			repositoryURL = "https://github.com/SwiftyJSON/SwiftyJSON.git";
			requirement = {
				kind = upToNextMajorVersion;
				minimumVersion = 5.0.0;
			};
		};
		90A8383C289AF48000D61D88 /* XCRemoteSwiftPackageReference "Kingfisher" */ = {
			isa = XCRemoteSwiftPackageReference;
			repositoryURL = "https://github.com/onevcat/Kingfisher.git";
			requirement = {
				kind = upToNextMajorVersion;
				minimumVersion = 7.0.0;
			};
		};
/* End XCRemoteSwiftPackageReference section */

/* Begin XCSwiftPackageProductDependency section */
		90A8382A289AA5C300D61D88 /* Alamofire */ = {
			isa = XCSwiftPackageProductDependency;
			package = 90A83829289AA5C300D61D88 /* XCRemoteSwiftPackageReference "Alamofire" */;
			productName = Alamofire;
		};
		90A8382D289AA60700D61D88 /* SwiftyJSON */ = {
			isa = XCSwiftPackageProductDependency;
			package = 90A8382C289AA60700D61D88 /* XCRemoteSwiftPackageReference "SwiftyJSON" */;
			productName = SwiftyJSON;
		};
		90A8383D289AF48000D61D88 /* Kingfisher */ = {
			isa = XCSwiftPackageProductDependency;
			package = 90A8383C289AF48000D61D88 /* XCRemoteSwiftPackageReference "Kingfisher" */;
			productName = Kingfisher;
		};
/* End XCSwiftPackageProductDependency section */
	};
	rootObject = 90A837ED2899F7B900D61D88 /* Project object */;
}
